
Microsoft Visual Studio Solution File, Format Version 12.00
# Visual Studio Version 17
VisualStudioVersion = 17.11.35312.102
MinimumVisualStudioVersion = 10.0.40219.1
Project("{FAE04EC0-301F-11D3-BF4B-00C04F79EFBC}") = "OOP_D1", "ObjektOrienteretProgrammering\OOP_D1.csproj", "{9D32842C-4EBB-4B23-9951-F1F832ABD018}"
EndProject
Project("{FAE04EC0-301F-11D3-BF4B-00C04F79EFBC}") = "OOP_D2", "OOP_D27\OOP_D2.csproj", "{CEFCEE2D-4253-4146-9EF5-59BC11F0147B}"
EndProject
Project("{FAE04EC0-301F-11D3-BF4B-00C04F79EFBC}") = "OOP_D3", "OOP_D3\OOP_D3.csproj", "{3579701E-5064-4E03-A8F0-A75E72369855}"
EndProject
Project("{FAE04EC0-301F-11D3-BF4B-00C04F79EFBC}") = "OOP_D4", "OOP_D4\OOP_D4.csproj", "{A582B30A-FCE6-40DE-A394-477BB225B5CF}"
EndProject
Project("{FAE04EC0-301F-11D3-BF4B-00C04F79EFBC}") = "MathLib", "MathLib\MathLib.csproj", "{7EDFE540-02B4-4A35-9D2D-08B211581E0B}"
EndProject
Project("{FAE04EC0-301F-11D3-BF4B-00C04F79EFBC}") = "ToDoList", "ToDoList\ToDoList.csproj", "{CA32F5CC-1058-4842-A523-4493FDE951B8}"
EndProject
Project("{9A19103F-16F7-4668-BE54-9A1E7A4F7556}") = "OOP_D6", "OOP_D6_Fixed\OOP_D6.csproj", "{D8AC79F7-5880-4C3A-BCE3-592062F49FD8}"
EndProject
Project("{9A19103F-16F7-4668-BE54-9A1E7A4F7556}") = "MonoGame", "MonoGame\MonoGame.csproj", "{19F926A8-8C56-4756-90F1-BC15E92F31C5}"
EndProject
Global
	GlobalSection(SolutionConfigurationPlatforms) = preSolution
		Debug|Any CPU = Debug|Any CPU
		Release|Any CPU = Release|Any CPU
	EndGlobalSection
	GlobalSection(ProjectConfigurationPlatforms) = postSolution
		{9D32842C-4EBB-4B23-9951-F1F832ABD018}.Debug|Any CPU.ActiveCfg = Debug|Any CPU
		{9D32842C-4EBB-4B23-9951-F1F832ABD018}.Debug|Any CPU.Build.0 = Debug|Any CPU
		{9D32842C-4EBB-4B23-9951-F1F832ABD018}.Release|Any CPU.ActiveCfg = Release|Any CPU
		{9D32842C-4EBB-4B23-9951-F1F832ABD018}.Release|Any CPU.Build.0 = Release|Any CPU
		{CEFCEE2D-4253-4146-9EF5-59BC11F0147B}.Debug|Any CPU.ActiveCfg = Debug|Any CPU
		{CEFCEE2D-4253-4146-9EF5-59BC11F0147B}.Debug|Any CPU.Build.0 = Debug|Any CPU
		{CEFCEE2D-4253-4146-9EF5-59BC11F0147B}.Release|Any CPU.ActiveCfg = Release|Any CPU
		{CEFCEE2D-4253-4146-9EF5-59BC11F0147B}.Release|Any CPU.Build.0 = Release|Any CPU
		{3579701E-5064-4E03-A8F0-A75E72369855}.Debug|Any CPU.ActiveCfg = Debug|Any CPU
		{3579701E-5064-4E03-A8F0-A75E72369855}.Debug|Any CPU.Build.0 = Debug|Any CPU
		{3579701E-5064-4E03-A8F0-A75E72369855}.Release|Any CPU.ActiveCfg = Release|Any CPU
		{3579701E-5064-4E03-A8F0-A75E72369855}.Release|Any CPU.Build.0 = Release|Any CPU
		{A582B30A-FCE6-40DE-A394-477BB225B5CF}.Debug|Any CPU.ActiveCfg = Debug|Any CPU
		{A582B30A-FCE6-40DE-A394-477BB225B5CF}.Debug|Any CPU.Build.0 = Debug|Any CPU
		{A582B30A-FCE6-40DE-A394-477BB225B5CF}.Release|Any CPU.ActiveCfg = Release|Any CPU
		{A582B30A-FCE6-40DE-A394-477BB225B5CF}.Release|Any CPU.Build.0 = Release|Any CPU
		{7EDFE540-02B4-4A35-9D2D-08B211581E0B}.Debug|Any CPU.ActiveCfg = Debug|Any CPU
		{7EDFE540-02B4-4A35-9D2D-08B211581E0B}.Debug|Any CPU.Build.0 = Debug|Any CPU
		{7EDFE540-02B4-4A35-9D2D-08B211581E0B}.Release|Any CPU.ActiveCfg = Release|Any CPU
		{7EDFE540-02B4-4A35-9D2D-08B211581E0B}.Release|Any CPU.Build.0 = Release|Any CPU
		{CA32F5CC-1058-4842-A523-4493FDE951B8}.Debug|Any CPU.ActiveCfg = Debug|Any CPU
		{CA32F5CC-1058-4842-A523-4493FDE951B8}.Debug|Any CPU.Build.0 = Debug|Any CPU
		{CA32F5CC-1058-4842-A523-4493FDE951B8}.Release|Any CPU.ActiveCfg = Release|Any CPU
		{CA32F5CC-1058-4842-A523-4493FDE951B8}.Release|Any CPU.Build.0 = Release|Any CPU
		{D8AC79F7-5880-4C3A-BCE3-592062F49FD8}.Debug|Any CPU.ActiveCfg = Debug|Any CPU
		{D8AC79F7-5880-4C3A-BCE3-592062F49FD8}.Debug|Any CPU.Build.0 = Debug|Any CPU
		{D8AC79F7-5880-4C3A-BCE3-592062F49FD8}.Release|Any CPU.ActiveCfg = Release|Any CPU
		{D8AC79F7-5880-4C3A-BCE3-592062F49FD8}.Release|Any CPU.Build.0 = Release|Any CPU
		{19F926A8-8C56-4756-90F1-BC15E92F31C5}.Debug|Any CPU.ActiveCfg = Debug|Any CPU
		{19F926A8-8C56-4756-90F1-BC15E92F31C5}.Debug|Any CPU.Build.0 = Debug|Any CPU
		{19F926A8-8C56-4756-90F1-BC15E92F31C5}.Release|Any CPU.ActiveCfg = Release|Any CPU
		{19F926A8-8C56-4756-90F1-BC15E92F31C5}.Release|Any CPU.Build.0 = Release|Any CPU
	EndGlobalSection
	GlobalSection(SolutionProperties) = preSolution
		HideSolutionNode = FALSE
	EndGlobalSection
	GlobalSection(ExtensibilityGlobals) = postSolution
		SolutionGuid = {49B639CD-048D-4ADA-BFD7-D222A6814B9D}
	EndGlobalSection
EndGlobal
